# This file is automatically @generated by Cargo.
# It is not intended for manual editing.
version = 4

[[package]]
name = "advent_of_code"
version = "0.1.0"
dependencies = [
 "count-digits",
]

[[package]]
name = "count-digits"
version = "0.5.1"
source = "registry+https://github.com/rust-lang/crates.io-index"
checksum = "b9c7f4086dd64c9d7e5e5957af4599fd1329314df9f3856acf677b96502e9aa7"
